uuid: 17b24c97-ab6d-426a-93bb-9a928da81a26
langcode: en
status: true
dependencies:
  module:
    - block_field
    - node
id: node.field_block
field_name: field_block
entity_type: node
type: block_field
settings: {  }
module: block_field
locked: false
cardinality: -1
translatable: true
indexes: {  }
persist_with_no_fields: false
custom_storage: false
