uuid: 2027b58c-2992-4449-bdf3-8d73b27bc77f
langcode: en
status: true
dependencies:
  module:
    - block_field
    - node
id: node.field_right_column_block
field_name: field_right_column_block
entity_type: node
type: block_field
settings: {  }
module: block_field
locked: false
cardinality: -1
translatable: true
indexes: {  }
persist_with_no_fields: false
custom_storage: false
